Microsoft Visual Studio Solution File, Format Version 12.00
# Visual Studio Version 17
VisualStudioVersion = 17.5.2.0
MinimumVisualStudioVersion = 10.0.40219.1
Project("{FAE04EC0-301F-11D3-BF4B-00C04F79EFBC}") = "Iroh", "Iroh.csproj", "{D8E89FE4-0CC8-42F4-00D2-A25EC101E4DF}"
EndProject
Global
	GlobalSection(SolutionConfigurationPlatforms) = preSolution
		Debug|Any CPU = Debug|Any CPU
		Release|Any CPU = Release|Any CPU
	EndGlobalSection
	GlobalSection(ProjectConfigurationPlatforms) = postSolution
		{D8E89FE4-0CC8-42F4-00D2-A25EC101E4DF}.Debug|Any CPU.ActiveCfg = Debug|Any CPU
		{D8E89FE4-0CC8-42F4-00D2-A25EC101E4DF}.Debug|Any CPU.Build.0 = Debug|Any CPU
		{D8E89FE4-0CC8-42F4-00D2-A25EC101E4DF}.Release|Any CPU.ActiveCfg = Release|Any CPU
		{D8E89FE4-0CC8-42F4-00D2-A25EC101E4DF}.Release|Any CPU.Build.0 = Release|Any CPU
	EndGlobalSection
	GlobalSection(SolutionProperties) = preSolution
		HideSolutionNode = FALSE
	EndGlobalSection
	GlobalSection(ExtensibilityGlobals) = postSolution
		SolutionGuid = {62B55B72-8F81-4D27-985D-A154C9C6E4CF}
	EndGlobalSection
EndGlobal
